# @generated - this file is auto-generated by `mise lock` https://mise.en.dev/dev-tools/mise-lock.html

[[tools.bun]]
version = "1.3.13"
backend = "core:bun"

[tools.bun."platforms.linux-arm64"]
checksum = "sha256:70bae41b3908b0a120e1e58c5c8af30e74afae3b8d11b0d3fdd8e787ddfb4b22"
url = "https://github.com/oven-sh/bun/releases/download/bun-v1.3.13/bun-linux-aarch64.zip"

[tools.bun."platforms.linux-arm64-musl"]
checksum = "sha256:5385e978107ce4934298d8d6afe9bfbb898683f6cc23e6753a0da60bc60c5b81"
url = "https://github.com/oven-sh/bun/releases/download/bun-v1.3.13/bun-linux-aarch64-musl.zip"

[tools.bun."platforms.linux-x64"]
checksum = "sha256:79c0771fa8b92c33aae41e15a0e0d307ea99d0e2f00317c71c6c53237a78e25a"
url = "https://github.com/oven-sh/bun/releases/download/bun-v1.3.13/bun-linux-x64.zip"

[tools.bun."platforms.linux-x64-baseline"]
checksum = "sha256:9d8a24292a7068090205daac0a5a223f5f69736f5287e37bf88d3b4031edc750"
url = "https://github.com/oven-sh/bun/releases/download/bun-v1.3.13/bun-linux-x64-baseline.zip"

[tools.bun."platforms.linux-x64-musl"]
checksum = "sha256:5b91a48f0b00df9fd2da8bff1a795d2659d842da966432969203f25da19d1c74"
url = "https://github.com/oven-sh/bun/releases/download/bun-v1.3.13/bun-linux-x64-musl.zip"

[tools.bun."platforms.linux-x64-musl-baseline"]
checksum = "sha256:88ca7c7ad235b498f549eea2f770f434e9f0f5e9ba95168a2d3a1f235184c394"
url = "https://github.com/oven-sh/bun/releases/download/bun-v1.3.13/bun-linux-x64-musl-baseline.zip"

[tools.bun."platforms.macos-arm64"]
checksum = "sha256:5467e3f65dba526b9fea98f0cce04efafc0c63e169733ec27b876a3ad32da190"
url = "https://github.com/oven-sh/bun/releases/download/bun-v1.3.13/bun-darwin-aarch64.zip"

[tools.bun."platforms.macos-x64"]
checksum = "sha256:e5a6c8b64f419925232d111ecb13e25f0abf55e54f792341f987623fd0778009"
url = "https://github.com/oven-sh/bun/releases/download/bun-v1.3.13/bun-darwin-x64.zip"

[tools.bun."platforms.macos-x64-baseline"]
checksum = "sha256:a98ba6a480f22fda9b343626b906a4e26aa53618bf85d2bc5928ecf2ba45f0ed"
url = "https://github.com/oven-sh/bun/releases/download/bun-v1.3.13/bun-darwin-x64-baseline.zip"

[tools.bun."platforms.windows-x64"]
checksum = "sha256:85b14f3e0584218e9b63407b3aa6b90c4835ec5c32435c1f12cb6fc13667c7c9"
url = "https://github.com/oven-sh/bun/releases/download/bun-v1.3.13/bun-windows-x64.zip"

[tools.bun."platforms.windows-x64-baseline"]
checksum = "sha256:c68c7903c1190101590cc1b2129835f47211b3b37ae87759f2b97d6534aa3ad1"
url = "https://github.com/oven-sh/bun/releases/download/bun-v1.3.13/bun-windows-x64-baseline.zip"

[[tools.deno]]
version = "2.7.14"
backend = "core:deno"

[tools.deno."platforms.linux-arm64"]
checksum = "sha256:b815c919452b5993a7c22df018a88c2f706eea6b5e0aa7802b2b0709edde01e8"
url = "https://dl.deno.land/release/v2.7.14/deno-aarch64-unknown-linux-gnu.zip"

[tools.deno."platforms.linux-arm64-musl"]
checksum = "sha256:b815c919452b5993a7c22df018a88c2f706eea6b5e0aa7802b2b0709edde01e8"
url = "https://dl.deno.land/release/v2.7.14/deno-aarch64-unknown-linux-gnu.zip"

[tools.deno."platforms.linux-x64"]
checksum = "sha256:3287efef53606966469cb6a02781327be22b908959397f976e2996dc1b64ae0f"
url = "https://dl.deno.land/release/v2.7.14/deno-x86_64-unknown-linux-gnu.zip"

[tools.deno."platforms.linux-x64-baseline"]
checksum = "sha256:3287efef53606966469cb6a02781327be22b908959397f976e2996dc1b64ae0f"
url = "https://dl.deno.land/release/v2.7.14/deno-x86_64-unknown-linux-gnu.zip"

[tools.deno."platforms.linux-x64-musl"]
checksum = "sha256:3287efef53606966469cb6a02781327be22b908959397f976e2996dc1b64ae0f"
url = "https://dl.deno.land/release/v2.7.14/deno-x86_64-unknown-linux-gnu.zip"

[tools.deno."platforms.linux-x64-musl-baseline"]
checksum = "sha256:3287efef53606966469cb6a02781327be22b908959397f976e2996dc1b64ae0f"
url = "https://dl.deno.land/release/v2.7.14/deno-x86_64-unknown-linux-gnu.zip"

[tools.deno."platforms.macos-arm64"]
checksum = "sha256:aeb5825f83b4a9cd7f9355a1c4ddd666205dacf76ccb7b98c2b10e066bc9e4bb"
url = "https://dl.deno.land/release/v2.7.14/deno-aarch64-apple-darwin.zip"

[tools.deno."platforms.macos-x64"]
checksum = "sha256:c89149513bf8e82ab5b351dac544f8c0cada90753bd2f576f46325fb67997ae1"
url = "https://dl.deno.land/release/v2.7.14/deno-x86_64-apple-darwin.zip"

[tools.deno."platforms.macos-x64-baseline"]
checksum = "sha256:c89149513bf8e82ab5b351dac544f8c0cada90753bd2f576f46325fb67997ae1"
url = "https://dl.deno.land/release/v2.7.14/deno-x86_64-apple-darwin.zip"

[tools.deno."platforms.windows-x64"]
checksum = "sha256:Algorithm"
url = "https://dl.deno.land/release/v2.7.14/deno-x86_64-pc-windows-msvc.zip"

[tools.deno."platforms.windows-x64-baseline"]
checksum = "sha256:Algorithm"
url = "https://dl.deno.land/release/v2.7.14/deno-x86_64-pc-windows-msvc.zip"

[[tools.elixir]]
version = "1.19.5-otp-28"
backend = "core:elixir"

[[tools.erlang]]
version = "28.5"
backend = "core:erlang"

[[tools."github:longbridge/longbridge-terminal"]]
version = "0.20.0"
backend = "github:longbridge/longbridge-terminal"

[tools."github:longbridge/longbridge-terminal"."platforms.linux-arm64"]
checksum = "sha256:c01c80105b352b4de8096aaac55a569ef5eb985533e9224d925f94ff1a5c26e3"
url = "https://github.com/longbridge/longbridge-terminal/releases/download/v0.20.0/longbridge-terminal-linux-arm64.tar.gz"
url_api = "https://api.github.com/repos/longbridge/longbridge-terminal/releases/assets/415237768"

[tools."github:longbridge/longbridge-terminal"."platforms.linux-arm64-musl"]
checksum = "sha256:0ee888da19f889861260e47fdaac55c0f9542e0d5faf6f9976422d4c87f69f58"
url = "https://github.com/longbridge/longbridge-terminal/releases/download/v0.20.0/longbridge-terminal-linux-musl-arm64.tar.gz"
url_api = "https://api.github.com/repos/longbridge/longbridge-terminal/releases/assets/415237765"

[tools."github:longbridge/longbridge-terminal"."platforms.linux-x64"]
checksum = "sha256:1ed716ebd923e029554cf39cd2252d3817d340d4078679f523014cac4d3950fb"
url = "https://github.com/longbridge/longbridge-terminal/releases/download/v0.20.0/longbridge-terminal-linux-amd64.tar.gz"
url_api = "https://api.github.com/repos/longbridge/longbridge-terminal/releases/assets/415237772"

[tools."github:longbridge/longbridge-terminal"."platforms.linux-x64-baseline"]
checksum = "sha256:1ed716ebd923e029554cf39cd2252d3817d340d4078679f523014cac4d3950fb"
url = "https://github.com/longbridge/longbridge-terminal/releases/download/v0.20.0/longbridge-terminal-linux-amd64.tar.gz"
url_api = "https://api.github.com/repos/longbridge/longbridge-terminal/releases/assets/415237772"

[tools."github:longbridge/longbridge-terminal"."platforms.linux-x64-musl"]
checksum = "sha256:d322d7f36f4e3ce8a982ed622ce19597c80def03c723005e775cd5072e09338d"
url = "https://github.com/longbridge/longbridge-terminal/releases/download/v0.20.0/longbridge-terminal-linux-musl-amd64.tar.gz"
url_api = "https://api.github.com/repos/longbridge/longbridge-terminal/releases/assets/415237775"

[tools."github:longbridge/longbridge-terminal"."platforms.linux-x64-musl-baseline"]
checksum = "sha256:d322d7f36f4e3ce8a982ed622ce19597c80def03c723005e775cd5072e09338d"
url = "https://github.com/longbridge/longbridge-terminal/releases/download/v0.20.0/longbridge-terminal-linux-musl-amd64.tar.gz"
url_api = "https://api.github.com/repos/longbridge/longbridge-terminal/releases/assets/415237775"

[tools."github:longbridge/longbridge-terminal"."platforms.macos-arm64"]
checksum = "sha256:eec3aa986b3e91e1ca09bf02163163ea22c71adc7bdcd8ac9afc9eff67bbbe36"
url = "https://github.com/longbridge/longbridge-terminal/releases/download/v0.20.0/longbridge-terminal-darwin-arm64.tar.gz"
url_api = "https://api.github.com/repos/longbridge/longbridge-terminal/releases/assets/415237776"

[tools."github:longbridge/longbridge-terminal"."platforms.macos-x64"]
checksum = "sha256:01bceb989ce0452217ef11c97a1b28cc18b6519cfe468c6e15012237d47381a9"
url = "https://github.com/longbridge/longbridge-terminal/releases/download/v0.20.0/longbridge-terminal-darwin-amd64.tar.gz"
url_api = "https://api.github.com/repos/longbridge/longbridge-terminal/releases/assets/415237767"

[tools."github:longbridge/longbridge-terminal"."platforms.macos-x64-baseline"]
checksum = "sha256:01bceb989ce0452217ef11c97a1b28cc18b6519cfe468c6e15012237d47381a9"
url = "https://github.com/longbridge/longbridge-terminal/releases/download/v0.20.0/longbridge-terminal-darwin-amd64.tar.gz"
url_api = "https://api.github.com/repos/longbridge/longbridge-terminal/releases/assets/415237767"

[tools."github:longbridge/longbridge-terminal"."platforms.windows-x64"]
checksum = "sha256:875327748d5416aa916af010fe9cbb5d25e794d6df9298979afff9cfbfdcbb62"
url = "https://github.com/longbridge/longbridge-terminal/releases/download/v0.20.0/longbridge-terminal-windows-amd64.zip"
url_api = "https://api.github.com/repos/longbridge/longbridge-terminal/releases/assets/415237774"

[tools."github:longbridge/longbridge-terminal"."platforms.windows-x64-baseline"]
checksum = "sha256:875327748d5416aa916af010fe9cbb5d25e794d6df9298979afff9cfbfdcbb62"
url = "https://github.com/longbridge/longbridge-terminal/releases/download/v0.20.0/longbridge-terminal-windows-amd64.zip"
url_api = "https://api.github.com/repos/longbridge/longbridge-terminal/releases/assets/415237774"

[[tools.go]]
version = "1.26.2"
backend = "core:go"

[tools.go."platforms.linux-arm64"]
checksum = "sha256:c958a1fe1b361391db163a485e21f5f228142d6f8b584f6bef89b26f66dc5b23"
url = "https://dl.google.com/go/go1.26.2.linux-arm64.tar.gz"

[tools.go."platforms.linux-arm64-musl"]
checksum = "sha256:c958a1fe1b361391db163a485e21f5f228142d6f8b584f6bef89b26f66dc5b23"
url = "https://dl.google.com/go/go1.26.2.linux-arm64.tar.gz"

[tools.go."platforms.linux-x64"]
checksum = "sha256:990e6b4bbba816dc3ee129eaeaf4b42f17c2800b88a2166c265ac1a200262282"
url = "https://dl.google.com/go/go1.26.2.linux-amd64.tar.gz"

[tools.go."platforms.linux-x64-baseline"]
checksum = "sha256:990e6b4bbba816dc3ee129eaeaf4b42f17c2800b88a2166c265ac1a200262282"
url = "https://dl.google.com/go/go1.26.2.linux-amd64.tar.gz"

[tools.go."platforms.linux-x64-musl"]
checksum = "sha256:990e6b4bbba816dc3ee129eaeaf4b42f17c2800b88a2166c265ac1a200262282"
url = "https://dl.google.com/go/go1.26.2.linux-amd64.tar.gz"

[tools.go."platforms.linux-x64-musl-baseline"]
checksum = "sha256:990e6b4bbba816dc3ee129eaeaf4b42f17c2800b88a2166c265ac1a200262282"
url = "https://dl.google.com/go/go1.26.2.linux-amd64.tar.gz"

[tools.go."platforms.macos-arm64"]
checksum = "sha256:32af1522bf3e3ff3975864780a429cc0b41d190ec7bf90faa661d6d64566e7af"
url = "https://dl.google.com/go/go1.26.2.darwin-arm64.tar.gz"

[tools.go."platforms.macos-x64"]
checksum = "sha256:bc3f1500d9968c36d705442d90ba91addf9271665033748b82532682e90a7966"
url = "https://dl.google.com/go/go1.26.2.darwin-amd64.tar.gz"

[tools.go."platforms.macos-x64-baseline"]
checksum = "sha256:bc3f1500d9968c36d705442d90ba91addf9271665033748b82532682e90a7966"
url = "https://dl.google.com/go/go1.26.2.darwin-amd64.tar.gz"

[tools.go."platforms.windows-x64"]
checksum = "sha256:98eb3570bade15cb826b0909338df6cc6d2cf590bc39c471142002db3832b708"
url = "https://dl.google.com/go/go1.26.2.windows-amd64.zip"

[tools.go."platforms.windows-x64-baseline"]
checksum = "sha256:98eb3570bade15cb826b0909338df6cc6d2cf590bc39c471142002db3832b708"
url = "https://dl.google.com/go/go1.26.2.windows-amd64.zip"

[[tools.java]]
version = "26.0.1"
backend = "core:java"

[[tools.node]]
version = "24.15.0"
backend = "core:node"

[tools.node."platforms.linux-arm64"]
checksum = "sha256:73afc234d558c24919875f51c2d1ea002a2ada4ea6f83601a383869fefa64eed"
url = "https://nodejs.org/dist/v24.15.0/node-v24.15.0-linux-arm64.tar.gz"

[tools.node."platforms.linux-arm64-musl"]
checksum = "sha256:31e98aa960a067da91edffd5d93bc46657b5d2a8029612c359f5f2ac0060152a"
url = "https://unofficial-builds.nodejs.org/download/release/v24.15.0/node-v24.15.0-linux-arm64-musl.tar.gz"

[tools.node."platforms.linux-x64"]
checksum = "sha256:44836872d9aec49f1e6b52a9a922872db9a2b02d235a616a5681b6a85fec8d89"
url = "https://nodejs.org/dist/v24.15.0/node-v24.15.0-linux-x64.tar.gz"

[tools.node."platforms.linux-x64-baseline"]
checksum = "sha256:44836872d9aec49f1e6b52a9a922872db9a2b02d235a616a5681b6a85fec8d89"
url = "https://nodejs.org/dist/v24.15.0/node-v24.15.0-linux-x64.tar.gz"

[tools.node."platforms.linux-x64-musl"]
checksum = "sha256:f55af5bd489c5347b113ca6594cae00a54b30ba57ac5875324311bfc6f4762e3"
url = "https://unofficial-builds.nodejs.org/download/release/v24.15.0/node-v24.15.0-linux-x64-musl.tar.gz"

[tools.node."platforms.linux-x64-musl-baseline"]
checksum = "sha256:f55af5bd489c5347b113ca6594cae00a54b30ba57ac5875324311bfc6f4762e3"
url = "https://unofficial-builds.nodejs.org/download/release/v24.15.0/node-v24.15.0-linux-x64-musl.tar.gz"

[tools.node."platforms.macos-arm64"]
checksum = "sha256:372331b969779ab5d15b949884fc6eaf88d5afe87bde8ba881d6400b9100ffc4"
url = "https://nodejs.org/dist/v24.15.0/node-v24.15.0-darwin-arm64.tar.gz"

[tools.node."platforms.macos-x64"]
checksum = "sha256:ffd5ee293467927f3ee731a553eb88fd1f48cf74eebc2d74a6babe4af228673b"
url = "https://nodejs.org/dist/v24.15.0/node-v24.15.0-darwin-x64.tar.gz"

[tools.node."platforms.macos-x64-baseline"]
checksum = "sha256:ffd5ee293467927f3ee731a553eb88fd1f48cf74eebc2d74a6babe4af228673b"
url = "https://nodejs.org/dist/v24.15.0/node-v24.15.0-darwin-x64.tar.gz"

[tools.node."platforms.windows-x64"]
checksum = "sha256:cc5149eabd53779ce1e7bdc5401643622d0c7e6800ade18928a767e940bb0e62"
url = "https://nodejs.org/dist/v24.15.0/node-v24.15.0-win-x64.zip"

[tools.node."platforms.windows-x64-baseline"]
checksum = "sha256:cc5149eabd53779ce1e7bdc5401643622d0c7e6800ade18928a767e940bb0e62"
url = "https://nodejs.org/dist/v24.15.0/node-v24.15.0-win-x64.zip"

[[tools.npm]]
version = "11.6.4"
backend = "npm:npm"

[[tools."npm:@anthropic-ai/claude-code"]]
version = "2.1.132"
backend = "npm:@anthropic-ai/claude-code"

[[tools."npm:@anthropic-ai/sandbox-runtime"]]
version = "0.0.50"
backend = "npm:@anthropic-ai/sandbox-runtime"

[[tools."npm:@augmentcode/auggie"]]
version = "0.26.0"
backend = "npm:@augmentcode/auggie"

[[tools."npm:@cloudbase/cli"]]
version = "3.3.0"
backend = "npm:@cloudbase/cli"

[[tools."npm:@cloudbase/cloudbase-mcp"]]
version = "2.18.0"
backend = "npm:@cloudbase/cloudbase-mcp"

[[tools."npm:@mariozechner/pi-coding-agent"]]
version = "0.73.0"
backend = "npm:@mariozechner/pi-coding-agent"

[[tools."npm:@murongg/aah-cli"]]
version = "0.1.12"
backend = "npm:@murongg/aah-cli"

[[tools."npm:@musistudio/claude-code-router"]]
version = "2.0.0"
backend = "npm:@musistudio/claude-code-router"

[[tools."npm:@openai/codex"]]
version = "0.129.0"
backend = "npm:@openai/codex"

[[tools."npm:@tencent-ai/codebuddy-code"]]
version = "2.95.0"
backend = "npm:@tencent-ai/codebuddy-code"

[[tools."npm:@tencent/claude-code-internal"]]
version = "1.1.6"
backend = "npm:@tencent/claude-code-internal"

[[tools."npm:@tencent/codex-internal"]]
version = "0.0.8"
backend = "npm:@tencent/codex-internal"

[[tools."npm:@yfme/weapp-dev-mcp"]]
version = "0.2.3"
backend = "npm:@yfme/weapp-dev-mcp"

[[tools."npm:agent-browser"]]
version = "0.26.0"
backend = "npm:agent-browser"

[[tools."npm:corepack"]]
version = "0.34.7"
backend = "npm:corepack"

[[tools."npm:firebase-tools"]]
version = "15.17.0"
backend = "npm:firebase-tools"

[[tools."npm:fx"]]
version = "39.2.0"
backend = "npm:fx"

[[tools."npm:httpyac"]]
version = "6.16.7"
backend = "npm:httpyac"

[[tools."npm:mammoth"]]
version = "1.12.0"
backend = "npm:mammoth"

[[tools."npm:node-firestore-import-export"]]
version = "1.1.0"
backend = "npm:node-firestore-import-export"

[[tools."npm:npm-check-updates"]]
version = "22.1.1"
backend = "npm:npm-check-updates"

[[tools."npm:opencode-ai"]]
version = "1.14.40"
backend = "npm:opencode-ai"

[[tools."npm:pnpm"]]
version = "10.33.4"
backend = "npm:pnpm"

[[tools."npm:sharp-cli"]]
version = "5.2.0"
backend = "npm:sharp-cli"

[[tools."npm:whistle"]]
version = "2.9.97"
backend = "npm:whistle"

[[tools."npm:yarn"]]
version = "1.22.22"
backend = "npm:yarn"

[[tools.python]]
version = "3.11.15"
backend = "core:python"

[tools.python."platforms.linux-arm64"]
checksum = "sha256:dfc9c065ba3bdacddaa71627cc871eab7553023dee9e2e28793bba3fd84a01a9"
url = "https://github.com/astral-sh/python-build-standalone/releases/download/20260504/cpython-3.11.15+20260504-aarch64-unknown-linux-gnu-install_only_stripped.tar.gz"
provenance = "github-attestations"

[tools.python."platforms.linux-arm64-musl"]
checksum = "sha256:54a7806245953ccb98b9fb3ed7d7e2946ad79023e4043b70586d97e308c39a8c"
url = "https://github.com/astral-sh/python-build-standalone/releases/download/20260504/cpython-3.11.15+20260504-aarch64-unknown-linux-musl-install_only_stripped.tar.gz"
provenance = "github-attestations"

[tools.python."platforms.linux-x64"]
checksum = "sha256:bf4e35eb4e54f09c2cfc8519641559a53ad7fc7390490f46cb14a7a086a7f9be"
url = "https://github.com/astral-sh/python-build-standalone/releases/download/20260504/cpython-3.11.15+20260504-x86_64-unknown-linux-gnu-install_only_stripped.tar.gz"
provenance = "github-attestations"

[tools.python."platforms.linux-x64-baseline"]
checksum = "sha256:bf4e35eb4e54f09c2cfc8519641559a53ad7fc7390490f46cb14a7a086a7f9be"
url = "https://github.com/astral-sh/python-build-standalone/releases/download/20260504/cpython-3.11.15+20260504-x86_64-unknown-linux-gnu-install_only_stripped.tar.gz"
provenance = "github-attestations"

[tools.python."platforms.linux-x64-musl"]
checksum = "sha256:9181f4b550bd7df7295a4557fbec09571db236c2279729ba1e20cbe97beb0f46"
url = "https://github.com/astral-sh/python-build-standalone/releases/download/20260504/cpython-3.11.15+20260504-x86_64-unknown-linux-musl-install_only_stripped.tar.gz"
provenance = "github-attestations"

[tools.python."platforms.linux-x64-musl-baseline"]
checksum = "sha256:9181f4b550bd7df7295a4557fbec09571db236c2279729ba1e20cbe97beb0f46"
url = "https://github.com/astral-sh/python-build-standalone/releases/download/20260504/cpython-3.11.15+20260504-x86_64-unknown-linux-musl-install_only_stripped.tar.gz"
provenance = "github-attestations"

[tools.python."platforms.macos-arm64"]
checksum = "sha256:505975e41e03ecc92ec5c666420481a20e7d4ade2d004b0f0a15fa08343910e3"
url = "https://github.com/astral-sh/python-build-standalone/releases/download/20260504/cpython-3.11.15+20260504-aarch64-apple-darwin-install_only_stripped.tar.gz"
provenance = "github-attestations"

[tools.python."platforms.macos-x64"]
checksum = "sha256:50f1a10a3e18546f86126c63e67627a98bc01cb0f7119de3c1e0eb3441fcbde8"
url = "https://github.com/astral-sh/python-build-standalone/releases/download/20260504/cpython-3.11.15+20260504-x86_64-apple-darwin-install_only_stripped.tar.gz"
provenance = "github-attestations"

[tools.python."platforms.macos-x64-baseline"]
checksum = "sha256:50f1a10a3e18546f86126c63e67627a98bc01cb0f7119de3c1e0eb3441fcbde8"
url = "https://github.com/astral-sh/python-build-standalone/releases/download/20260504/cpython-3.11.15+20260504-x86_64-apple-darwin-install_only_stripped.tar.gz"
provenance = "github-attestations"

[tools.python."platforms.windows-x64"]
checksum = "sha256:3faa1bec91efb6c3d98dd9a1dfae6ec4a40a855a8bb793ac2a2f2b1689816cfe"
url = "https://github.com/astral-sh/python-build-standalone/releases/download/20260504/cpython-3.11.15+20260504-x86_64-pc-windows-msvc-install_only_stripped.tar.gz"
provenance = "github-attestations"

[tools.python."platforms.windows-x64-baseline"]
checksum = "sha256:3faa1bec91efb6c3d98dd9a1dfae6ec4a40a855a8bb793ac2a2f2b1689816cfe"
url = "https://github.com/astral-sh/python-build-standalone/releases/download/20260504/cpython-3.11.15+20260504-x86_64-pc-windows-msvc-install_only_stripped.tar.gz"
provenance = "github-attestations"

[[tools.terraform]]
version = "1.15.2"
backend = "aqua:hashicorp/terraform"

[tools.terraform."platforms.linux-arm64"]
checksum = "sha256:cf27657e96bbdc6116f4c16a0c801d36ae6410d7210183a520ac6b2198fb723e"
url = "https://releases.hashicorp.com/terraform/1.15.2/terraform_1.15.2_linux_arm64.zip"

[tools.terraform."platforms.linux-arm64-musl"]
checksum = "sha256:cf27657e96bbdc6116f4c16a0c801d36ae6410d7210183a520ac6b2198fb723e"
url = "https://releases.hashicorp.com/terraform/1.15.2/terraform_1.15.2_linux_arm64.zip"

[tools.terraform."platforms.linux-x64"]
checksum = "sha256:c56ff2bc7e6ce9b3879a50392b03c2ea074b47688bf503ff966c87fb01b2aab8"
url = "https://releases.hashicorp.com/terraform/1.15.2/terraform_1.15.2_linux_amd64.zip"

[tools.terraform."platforms.linux-x64-baseline"]
checksum = "sha256:c56ff2bc7e6ce9b3879a50392b03c2ea074b47688bf503ff966c87fb01b2aab8"
url = "https://releases.hashicorp.com/terraform/1.15.2/terraform_1.15.2_linux_amd64.zip"

[tools.terraform."platforms.linux-x64-musl"]
checksum = "sha256:c56ff2bc7e6ce9b3879a50392b03c2ea074b47688bf503ff966c87fb01b2aab8"
url = "https://releases.hashicorp.com/terraform/1.15.2/terraform_1.15.2_linux_amd64.zip"

[tools.terraform."platforms.linux-x64-musl-baseline"]
checksum = "sha256:c56ff2bc7e6ce9b3879a50392b03c2ea074b47688bf503ff966c87fb01b2aab8"
url = "https://releases.hashicorp.com/terraform/1.15.2/terraform_1.15.2_linux_amd64.zip"

[tools.terraform."platforms.macos-arm64"]
checksum = "sha256:4204bc3450418a7ce423e58451b053e5daed625ad6c6a15de98bc09345269f99"
url = "https://releases.hashicorp.com/terraform/1.15.2/terraform_1.15.2_darwin_arm64.zip"

[tools.terraform."platforms.macos-x64"]
checksum = "sha256:2bb701bc2db93ed39613df4f4e033ec4c2de9eba1c036d9a2f62cffc988af066"
url = "https://releases.hashicorp.com/terraform/1.15.2/terraform_1.15.2_darwin_amd64.zip"

[tools.terraform."platforms.macos-x64-baseline"]
checksum = "sha256:2bb701bc2db93ed39613df4f4e033ec4c2de9eba1c036d9a2f62cffc988af066"
url = "https://releases.hashicorp.com/terraform/1.15.2/terraform_1.15.2_darwin_amd64.zip"

[tools.terraform."platforms.windows-x64"]
checksum = "sha256:a7e25570dd85f363581e96cac0b468257c45945ca8875d951413b6606c9b86d4"
url = "https://releases.hashicorp.com/terraform/1.15.2/terraform_1.15.2_windows_amd64.zip"

[tools.terraform."platforms.windows-x64-baseline"]
checksum = "sha256:a7e25570dd85f363581e96cac0b468257c45945ca8875d951413b6606c9b86d4"
url = "https://releases.hashicorp.com/terraform/1.15.2/terraform_1.15.2_windows_amd64.zip"

[[tools.uv]]
version = "0.11.11"
backend = "aqua:astral-sh/uv"

[tools.uv."platforms.linux-arm64"]
checksum = "sha256:0fc9a49b3900f77ffaccf3ff69a70ddbc1d479e70ac5d8fd6416a7577b03c5a1"
url = "https://github.com/astral-sh/uv/releases/download/0.11.11/uv-aarch64-unknown-linux-musl.tar.gz"
provenance = "github-attestations"

[tools.uv."platforms.linux-arm64-musl"]
checksum = "sha256:0fc9a49b3900f77ffaccf3ff69a70ddbc1d479e70ac5d8fd6416a7577b03c5a1"
url = "https://github.com/astral-sh/uv/releases/download/0.11.11/uv-aarch64-unknown-linux-musl.tar.gz"
provenance = "github-attestations"

[tools.uv."platforms.linux-x64"]
checksum = "sha256:80521f18ba83109acd17e0730bd8ff898c3426aa62252c627d63418b353e788a"
url = "https://github.com/astral-sh/uv/releases/download/0.11.11/uv-x86_64-unknown-linux-musl.tar.gz"
provenance = "github-attestations"

[tools.uv."platforms.linux-x64-baseline"]
checksum = "sha256:80521f18ba83109acd17e0730bd8ff898c3426aa62252c627d63418b353e788a"
url = "https://github.com/astral-sh/uv/releases/download/0.11.11/uv-x86_64-unknown-linux-musl.tar.gz"
provenance = "github-attestations"

[tools.uv."platforms.linux-x64-musl"]
checksum = "sha256:80521f18ba83109acd17e0730bd8ff898c3426aa62252c627d63418b353e788a"
url = "https://github.com/astral-sh/uv/releases/download/0.11.11/uv-x86_64-unknown-linux-musl.tar.gz"
provenance = "github-attestations"

[tools.uv."platforms.linux-x64-musl-baseline"]
checksum = "sha256:80521f18ba83109acd17e0730bd8ff898c3426aa62252c627d63418b353e788a"
url = "https://github.com/astral-sh/uv/releases/download/0.11.11/uv-x86_64-unknown-linux-musl.tar.gz"
provenance = "github-attestations"

[tools.uv."platforms.macos-arm64"]
checksum = "sha256:3a185bf8f46a7b7c8b910d111825907b1638d0ae503cb3c333ae205772354046"
url = "https://github.com/astral-sh/uv/releases/download/0.11.11/uv-aarch64-apple-darwin.tar.gz"
provenance = "github-attestations"

[tools.uv."platforms.macos-x64"]
checksum = "sha256:57a1a8085b4088fbcbd5080c0c30723ba6d0692c89cd071c08a4209e8da602d1"
url = "https://github.com/astral-sh/uv/releases/download/0.11.11/uv-x86_64-apple-darwin.tar.gz"
provenance = "github-attestations"

[tools.uv."platforms.macos-x64-baseline"]
checksum = "sha256:57a1a8085b4088fbcbd5080c0c30723ba6d0692c89cd071c08a4209e8da602d1"
url = "https://github.com/astral-sh/uv/releases/download/0.11.11/uv-x86_64-apple-darwin.tar.gz"
provenance = "github-attestations"

[tools.uv."platforms.windows-x64"]
checksum = "sha256:2f75a0db2c3530b6b3c24434dc38137f61ff1f4e5f2d7b4ddc5bcd142cf58b65"
url = "https://github.com/astral-sh/uv/releases/download/0.11.11/uv-x86_64-pc-windows-msvc.zip"
provenance = "github-attestations"

[tools.uv."platforms.windows-x64-baseline"]
checksum = "sha256:2f75a0db2c3530b6b3c24434dc38137f61ff1f4e5f2d7b4ddc5bcd142cf58b65"
url = "https://github.com/astral-sh/uv/releases/download/0.11.11/uv-x86_64-pc-windows-msvc.zip"
provenance = "github-attestations"
