# @generated - this file is auto-generated by `mise lock` https://mise.en.dev/dev-tools/mise-lock.html

[[tools.bun]]
version = "1.3.13"
backend = "core:bun"

[tools.bun."platforms.linux-arm64"]
checksum = "sha256:70bae41b3908b0a120e1e58c5c8af30e74afae3b8d11b0d3fdd8e787ddfb4b22"
url = "https://github.com/oven-sh/bun/releases/download/bun-v1.3.13/bun-linux-aarch64.zip"

[tools.bun."platforms.linux-arm64-musl"]
checksum = "sha256:5385e978107ce4934298d8d6afe9bfbb898683f6cc23e6753a0da60bc60c5b81"
url = "https://github.com/oven-sh/bun/releases/download/bun-v1.3.13/bun-linux-aarch64-musl.zip"

[tools.bun."platforms.linux-x64"]
checksum = "sha256:79c0771fa8b92c33aae41e15a0e0d307ea99d0e2f00317c71c6c53237a78e25a"
url = "https://github.com/oven-sh/bun/releases/download/bun-v1.3.13/bun-linux-x64.zip"

[tools.bun."platforms.linux-x64-baseline"]
checksum = "sha256:9d8a24292a7068090205daac0a5a223f5f69736f5287e37bf88d3b4031edc750"
url = "https://github.com/oven-sh/bun/releases/download/bun-v1.3.13/bun-linux-x64-baseline.zip"

[tools.bun."platforms.linux-x64-musl"]
checksum = "sha256:5b91a48f0b00df9fd2da8bff1a795d2659d842da966432969203f25da19d1c74"
url = "https://github.com/oven-sh/bun/releases/download/bun-v1.3.13/bun-linux-x64-musl.zip"

[tools.bun."platforms.linux-x64-musl-baseline"]
checksum = "sha256:88ca7c7ad235b498f549eea2f770f434e9f0f5e9ba95168a2d3a1f235184c394"
url = "https://github.com/oven-sh/bun/releases/download/bun-v1.3.13/bun-linux-x64-musl-baseline.zip"

[tools.bun."platforms.macos-arm64"]
checksum = "sha256:5467e3f65dba526b9fea98f0cce04efafc0c63e169733ec27b876a3ad32da190"
url = "https://github.com/oven-sh/bun/releases/download/bun-v1.3.13/bun-darwin-aarch64.zip"

[tools.bun."platforms.macos-x64"]
checksum = "sha256:e5a6c8b64f419925232d111ecb13e25f0abf55e54f792341f987623fd0778009"
url = "https://github.com/oven-sh/bun/releases/download/bun-v1.3.13/bun-darwin-x64.zip"

[tools.bun."platforms.macos-x64-baseline"]
checksum = "sha256:a98ba6a480f22fda9b343626b906a4e26aa53618bf85d2bc5928ecf2ba45f0ed"
url = "https://github.com/oven-sh/bun/releases/download/bun-v1.3.13/bun-darwin-x64-baseline.zip"

[tools.bun."platforms.windows-x64"]
checksum = "sha256:85b14f3e0584218e9b63407b3aa6b90c4835ec5c32435c1f12cb6fc13667c7c9"
url = "https://github.com/oven-sh/bun/releases/download/bun-v1.3.13/bun-windows-x64.zip"

[tools.bun."platforms.windows-x64-baseline"]
checksum = "sha256:c68c7903c1190101590cc1b2129835f47211b3b37ae87759f2b97d6534aa3ad1"
url = "https://github.com/oven-sh/bun/releases/download/bun-v1.3.13/bun-windows-x64-baseline.zip"

[[tools.deno]]
version = "2.7.14"
backend = "core:deno"

[tools.deno."platforms.linux-arm64"]
checksum = "sha256:b815c919452b5993a7c22df018a88c2f706eea6b5e0aa7802b2b0709edde01e8"
url = "https://dl.deno.land/release/v2.7.14/deno-aarch64-unknown-linux-gnu.zip"

[tools.deno."platforms.linux-arm64-musl"]
checksum = "sha256:b815c919452b5993a7c22df018a88c2f706eea6b5e0aa7802b2b0709edde01e8"
url = "https://dl.deno.land/release/v2.7.14/deno-aarch64-unknown-linux-gnu.zip"

[tools.deno."platforms.linux-x64"]
checksum = "sha256:3287efef53606966469cb6a02781327be22b908959397f976e2996dc1b64ae0f"
url = "https://dl.deno.land/release/v2.7.14/deno-x86_64-unknown-linux-gnu.zip"

[tools.deno."platforms.linux-x64-baseline"]
checksum = "sha256:3287efef53606966469cb6a02781327be22b908959397f976e2996dc1b64ae0f"
url = "https://dl.deno.land/release/v2.7.14/deno-x86_64-unknown-linux-gnu.zip"

[tools.deno."platforms.linux-x64-musl"]
checksum = "sha256:3287efef53606966469cb6a02781327be22b908959397f976e2996dc1b64ae0f"
url = "https://dl.deno.land/release/v2.7.14/deno-x86_64-unknown-linux-gnu.zip"

[tools.deno."platforms.linux-x64-musl-baseline"]
checksum = "sha256:3287efef53606966469cb6a02781327be22b908959397f976e2996dc1b64ae0f"
url = "https://dl.deno.land/release/v2.7.14/deno-x86_64-unknown-linux-gnu.zip"

[tools.deno."platforms.macos-arm64"]
checksum = "sha256:aeb5825f83b4a9cd7f9355a1c4ddd666205dacf76ccb7b98c2b10e066bc9e4bb"
url = "https://dl.deno.land/release/v2.7.14/deno-aarch64-apple-darwin.zip"

[tools.deno."platforms.macos-x64"]
checksum = "sha256:c89149513bf8e82ab5b351dac544f8c0cada90753bd2f576f46325fb67997ae1"
url = "https://dl.deno.land/release/v2.7.14/deno-x86_64-apple-darwin.zip"

[tools.deno."platforms.macos-x64-baseline"]
checksum = "sha256:c89149513bf8e82ab5b351dac544f8c0cada90753bd2f576f46325fb67997ae1"
url = "https://dl.deno.land/release/v2.7.14/deno-x86_64-apple-darwin.zip"

[tools.deno."platforms.windows-x64"]
checksum = "sha256:Algorithm"
url = "https://dl.deno.land/release/v2.7.14/deno-x86_64-pc-windows-msvc.zip"

[tools.deno."platforms.windows-x64-baseline"]
checksum = "sha256:Algorithm"
url = "https://dl.deno.land/release/v2.7.14/deno-x86_64-pc-windows-msvc.zip"

[[tools.elixir]]
version = "1.19.5-otp-28"
backend = "core:elixir"

[[tools.erlang]]
version = "28.5"
backend = "core:erlang"

[[tools."github:longbridge/longbridge-terminal"]]
version = "0.20.3"
backend = "github:longbridge/longbridge-terminal"

[tools."github:longbridge/longbridge-terminal"."platforms.linux-arm64"]
checksum = "sha256:2919516214ae02475c11eb0d092e409c98c80eb0ba860eb9ac6da5364be1d12a"
url = "https://github.com/longbridge/longbridge-terminal/releases/download/v0.20.3/longbridge-terminal-linux-arm64.tar.gz"
url_api = "https://api.github.com/repos/longbridge/longbridge-terminal/releases/assets/418183506"

[tools."github:longbridge/longbridge-terminal"."platforms.linux-arm64-musl"]
checksum = "sha256:797fb6fe221c79e7f6e96539739564ba5c0ee0d02e826f28d32e38645801742f"
url = "https://github.com/longbridge/longbridge-terminal/releases/download/v0.20.3/longbridge-terminal-linux-musl-arm64.tar.gz"
url_api = "https://api.github.com/repos/longbridge/longbridge-terminal/releases/assets/418183509"

[tools."github:longbridge/longbridge-terminal"."platforms.linux-x64"]
checksum = "sha256:b1fe8ceac8bbbacfda7a548ef4a3462894f6af9903fef7dab84d2799f820db92"
url = "https://github.com/longbridge/longbridge-terminal/releases/download/v0.20.3/longbridge-terminal-linux-amd64.tar.gz"
url_api = "https://api.github.com/repos/longbridge/longbridge-terminal/releases/assets/418183502"

[tools."github:longbridge/longbridge-terminal"."platforms.linux-x64-baseline"]
checksum = "sha256:b1fe8ceac8bbbacfda7a548ef4a3462894f6af9903fef7dab84d2799f820db92"
url = "https://github.com/longbridge/longbridge-terminal/releases/download/v0.20.3/longbridge-terminal-linux-amd64.tar.gz"
url_api = "https://api.github.com/repos/longbridge/longbridge-terminal/releases/assets/418183502"

[tools."github:longbridge/longbridge-terminal"."platforms.linux-x64-musl"]
checksum = "sha256:6c55e64a3d97a74362f4bbd4118d0267b7ba84b85340177c6101b9c0325d8275"
url = "https://github.com/longbridge/longbridge-terminal/releases/download/v0.20.3/longbridge-terminal-linux-musl-amd64.tar.gz"
url_api = "https://api.github.com/repos/longbridge/longbridge-terminal/releases/assets/418183507"

[tools."github:longbridge/longbridge-terminal"."platforms.linux-x64-musl-baseline"]
checksum = "sha256:6c55e64a3d97a74362f4bbd4118d0267b7ba84b85340177c6101b9c0325d8275"
url = "https://github.com/longbridge/longbridge-terminal/releases/download/v0.20.3/longbridge-terminal-linux-musl-amd64.tar.gz"
url_api = "https://api.github.com/repos/longbridge/longbridge-terminal/releases/assets/418183507"

[tools."github:longbridge/longbridge-terminal"."platforms.macos-arm64"]
checksum = "sha256:9768843747979b9caa3ba0d8ec10105ffeb9f090e148852acc5495f89917a2de"
url = "https://github.com/longbridge/longbridge-terminal/releases/download/v0.20.3/longbridge-terminal-darwin-arm64.tar.gz"
url_api = "https://api.github.com/repos/longbridge/longbridge-terminal/releases/assets/418183501"

[tools."github:longbridge/longbridge-terminal"."platforms.macos-x64"]
checksum = "sha256:23477322418acdbd745b6b41b0b633e6b0e68150284587151591a6e175be0884"
url = "https://github.com/longbridge/longbridge-terminal/releases/download/v0.20.3/longbridge-terminal-darwin-amd64.tar.gz"
url_api = "https://api.github.com/repos/longbridge/longbridge-terminal/releases/assets/418183500"

[tools."github:longbridge/longbridge-terminal"."platforms.macos-x64-baseline"]
checksum = "sha256:23477322418acdbd745b6b41b0b633e6b0e68150284587151591a6e175be0884"
url = "https://github.com/longbridge/longbridge-terminal/releases/download/v0.20.3/longbridge-terminal-darwin-amd64.tar.gz"
url_api = "https://api.github.com/repos/longbridge/longbridge-terminal/releases/assets/418183500"

[tools."github:longbridge/longbridge-terminal"."platforms.windows-x64"]
checksum = "sha256:d560e0049d200684bd8e66ae0218d5ea5d1a3d773bff9282258721d9a56037a6"
url = "https://github.com/longbridge/longbridge-terminal/releases/download/v0.20.3/longbridge-terminal-windows-amd64.zip"
url_api = "https://api.github.com/repos/longbridge/longbridge-terminal/releases/assets/418183512"

[tools."github:longbridge/longbridge-terminal"."platforms.windows-x64-baseline"]
checksum = "sha256:d560e0049d200684bd8e66ae0218d5ea5d1a3d773bff9282258721d9a56037a6"
url = "https://github.com/longbridge/longbridge-terminal/releases/download/v0.20.3/longbridge-terminal-windows-amd64.zip"
url_api = "https://api.github.com/repos/longbridge/longbridge-terminal/releases/assets/418183512"

[[tools.go]]
version = "1.26.3"
backend = "core:go"

[tools.go."platforms.linux-arm64"]
checksum = "sha256:9d89a3ea57d141c2b22d70083f2c8459ba3890f2d9e818e7e933b75614936565"
url = "https://dl.google.com/go/go1.26.3.linux-arm64.tar.gz"

[tools.go."platforms.linux-arm64-musl"]
checksum = "sha256:9d89a3ea57d141c2b22d70083f2c8459ba3890f2d9e818e7e933b75614936565"
url = "https://dl.google.com/go/go1.26.3.linux-arm64.tar.gz"

[tools.go."platforms.linux-x64"]
checksum = "sha256:2b2cfc7148493da5e73981bffbf3353af381d5f93e789c82c79aff64962eb556"
url = "https://dl.google.com/go/go1.26.3.linux-amd64.tar.gz"

[tools.go."platforms.linux-x64-baseline"]
checksum = "sha256:2b2cfc7148493da5e73981bffbf3353af381d5f93e789c82c79aff64962eb556"
url = "https://dl.google.com/go/go1.26.3.linux-amd64.tar.gz"

[tools.go."platforms.linux-x64-musl"]
checksum = "sha256:2b2cfc7148493da5e73981bffbf3353af381d5f93e789c82c79aff64962eb556"
url = "https://dl.google.com/go/go1.26.3.linux-amd64.tar.gz"

[tools.go."platforms.linux-x64-musl-baseline"]
checksum = "sha256:2b2cfc7148493da5e73981bffbf3353af381d5f93e789c82c79aff64962eb556"
url = "https://dl.google.com/go/go1.26.3.linux-amd64.tar.gz"

[tools.go."platforms.macos-arm64"]
checksum = "sha256:875cf54a15311eee2c99b9dd67c68c4a49351d489ab622bf2cfd28c8f2078d3c"
url = "https://dl.google.com/go/go1.26.3.darwin-arm64.tar.gz"

[tools.go."platforms.macos-x64"]
checksum = "sha256:278d580b32e299fe4a9c990fcf2d02acfe538c7e551a6ee18f9c7164573d2c63"
url = "https://dl.google.com/go/go1.26.3.darwin-amd64.tar.gz"

[tools.go."platforms.macos-x64-baseline"]
checksum = "sha256:278d580b32e299fe4a9c990fcf2d02acfe538c7e551a6ee18f9c7164573d2c63"
url = "https://dl.google.com/go/go1.26.3.darwin-amd64.tar.gz"

[tools.go."platforms.windows-x64"]
checksum = "sha256:20d2ceafb4ed41b96b879010927b28bc92a5be57a7c1801ce365a9ca51d3224a"
url = "https://dl.google.com/go/go1.26.3.windows-amd64.zip"

[tools.go."platforms.windows-x64-baseline"]
checksum = "sha256:20d2ceafb4ed41b96b879010927b28bc92a5be57a7c1801ce365a9ca51d3224a"
url = "https://dl.google.com/go/go1.26.3.windows-amd64.zip"

[[tools.java]]
version = "26.0.1"
backend = "core:java"

[[tools.node]]
version = "24.15.0"
backend = "core:node"

[tools.node."platforms.linux-arm64"]
checksum = "sha256:73afc234d558c24919875f51c2d1ea002a2ada4ea6f83601a383869fefa64eed"
url = "https://nodejs.org/dist/v24.15.0/node-v24.15.0-linux-arm64.tar.gz"

[tools.node."platforms.linux-arm64-musl"]
checksum = "sha256:31e98aa960a067da91edffd5d93bc46657b5d2a8029612c359f5f2ac0060152a"
url = "https://unofficial-builds.nodejs.org/download/release/v24.15.0/node-v24.15.0-linux-arm64-musl.tar.gz"

[tools.node."platforms.linux-x64"]
checksum = "sha256:44836872d9aec49f1e6b52a9a922872db9a2b02d235a616a5681b6a85fec8d89"
url = "https://nodejs.org/dist/v24.15.0/node-v24.15.0-linux-x64.tar.gz"

[tools.node."platforms.linux-x64-baseline"]
checksum = "sha256:44836872d9aec49f1e6b52a9a922872db9a2b02d235a616a5681b6a85fec8d89"
url = "https://nodejs.org/dist/v24.15.0/node-v24.15.0-linux-x64.tar.gz"

[tools.node."platforms.linux-x64-musl"]
checksum = "sha256:f55af5bd489c5347b113ca6594cae00a54b30ba57ac5875324311bfc6f4762e3"
url = "https://unofficial-builds.nodejs.org/download/release/v24.15.0/node-v24.15.0-linux-x64-musl.tar.gz"

[tools.node."platforms.linux-x64-musl-baseline"]
checksum = "sha256:f55af5bd489c5347b113ca6594cae00a54b30ba57ac5875324311bfc6f4762e3"
url = "https://unofficial-builds.nodejs.org/download/release/v24.15.0/node-v24.15.0-linux-x64-musl.tar.gz"

[tools.node."platforms.macos-arm64"]
checksum = "sha256:372331b969779ab5d15b949884fc6eaf88d5afe87bde8ba881d6400b9100ffc4"
url = "https://nodejs.org/dist/v24.15.0/node-v24.15.0-darwin-arm64.tar.gz"

[tools.node."platforms.macos-x64"]
checksum = "sha256:ffd5ee293467927f3ee731a553eb88fd1f48cf74eebc2d74a6babe4af228673b"
url = "https://nodejs.org/dist/v24.15.0/node-v24.15.0-darwin-x64.tar.gz"

[tools.node."platforms.macos-x64-baseline"]
checksum = "sha256:ffd5ee293467927f3ee731a553eb88fd1f48cf74eebc2d74a6babe4af228673b"
url = "https://nodejs.org/dist/v24.15.0/node-v24.15.0-darwin-x64.tar.gz"

[tools.node."platforms.windows-x64"]
checksum = "sha256:cc5149eabd53779ce1e7bdc5401643622d0c7e6800ade18928a767e940bb0e62"
url = "https://nodejs.org/dist/v24.15.0/node-v24.15.0-win-x64.zip"

[tools.node."platforms.windows-x64-baseline"]
checksum = "sha256:cc5149eabd53779ce1e7bdc5401643622d0c7e6800ade18928a767e940bb0e62"
url = "https://nodejs.org/dist/v24.15.0/node-v24.15.0-win-x64.zip"

[[tools.npm]]
version = "11.6.4"
backend = "npm:npm"

[[tools."npm:@anthropic-ai/claude-code"]]
version = "2.1.139"
backend = "npm:@anthropic-ai/claude-code"

[[tools."npm:@anthropic-ai/sandbox-runtime"]]
version = "0.0.51"
backend = "npm:@anthropic-ai/sandbox-runtime"

[[tools."npm:@augmentcode/auggie"]]
version = "0.26.0"
backend = "npm:@augmentcode/auggie"

[[tools."npm:@cloudbase/cli"]]
version = "3.4.0-beta.2"
backend = "npm:@cloudbase/cli"

[[tools."npm:@cloudbase/cloudbase-mcp"]]
version = "2.18.0"
backend = "npm:@cloudbase/cloudbase-mcp"

[[tools."npm:@mariozechner/pi-coding-agent"]]
version = "0.73.1"
backend = "npm:@mariozechner/pi-coding-agent"

[[tools."npm:@murongg/aah-cli"]]
version = "0.1.12"
backend = "npm:@murongg/aah-cli"

[[tools."npm:@musistudio/claude-code-router"]]
version = "2.0.0"
backend = "npm:@musistudio/claude-code-router"

[[tools."npm:@openai/codex"]]
version = "0.130.0"
backend = "npm:@openai/codex"

[[tools."npm:@tencent-ai/codebuddy-code"]]
version = "2.96.0"
backend = "npm:@tencent-ai/codebuddy-code"

[[tools."npm:@tencent/claude-code-internal"]]
version = "1.1.7"
backend = "npm:@tencent/claude-code-internal"

[[tools."npm:@tencent/codex-internal"]]
version = "0.0.9"
backend = "npm:@tencent/codex-internal"

[[tools."npm:@yfme/weapp-dev-mcp"]]
version = "0.2.4"
backend = "npm:@yfme/weapp-dev-mcp"

[[tools."npm:agent-browser"]]
version = "0.27.0"
backend = "npm:agent-browser"

[[tools."npm:corepack"]]
version = "0.34.7"
backend = "npm:corepack"

[[tools."npm:firebase-tools"]]
version = "15.17.0"
backend = "npm:firebase-tools"

[[tools."npm:fx"]]
version = "39.2.0"
backend = "npm:fx"

[[tools."npm:httpyac"]]
version = "6.16.7"
backend = "npm:httpyac"

[[tools."npm:mammoth"]]
version = "1.12.0"
backend = "npm:mammoth"

[[tools."npm:node-firestore-import-export"]]
version = "1.1.0"
backend = "npm:node-firestore-import-export"

[[tools."npm:npm-check-updates"]]
version = "22.2.0"
backend = "npm:npm-check-updates"

[[tools."npm:opencode-ai"]]
version = "1.14.48"
backend = "npm:opencode-ai"

[[tools."npm:pnpm"]]
version = "11.1.0"
backend = "npm:pnpm"

[[tools."npm:sharp-cli"]]
version = "5.2.0"
backend = "npm:sharp-cli"

[[tools."npm:whistle"]]
version = "2.9.97"
backend = "npm:whistle"

[[tools."npm:yarn"]]
version = "1.22.22"
backend = "npm:yarn"

[[tools.python]]
version = "3.11.15"
backend = "core:python"

[tools.python."platforms.linux-arm64"]
checksum = "sha256:dfc9c065ba3bdacddaa71627cc871eab7553023dee9e2e28793bba3fd84a01a9"
url = "https://github.com/astral-sh/python-build-standalone/releases/download/20260504/cpython-3.11.15+20260504-aarch64-unknown-linux-gnu-install_only_stripped.tar.gz"
provenance = "github-attestations"

[tools.python."platforms.linux-arm64-musl"]
checksum = "sha256:54a7806245953ccb98b9fb3ed7d7e2946ad79023e4043b70586d97e308c39a8c"
url = "https://github.com/astral-sh/python-build-standalone/releases/download/20260504/cpython-3.11.15+20260504-aarch64-unknown-linux-musl-install_only_stripped.tar.gz"
provenance = "github-attestations"

[tools.python."platforms.linux-x64"]
checksum = "sha256:bf4e35eb4e54f09c2cfc8519641559a53ad7fc7390490f46cb14a7a086a7f9be"
url = "https://github.com/astral-sh/python-build-standalone/releases/download/20260504/cpython-3.11.15+20260504-x86_64-unknown-linux-gnu-install_only_stripped.tar.gz"
provenance = "github-attestations"

[tools.python."platforms.linux-x64-baseline"]
checksum = "sha256:bf4e35eb4e54f09c2cfc8519641559a53ad7fc7390490f46cb14a7a086a7f9be"
url = "https://github.com/astral-sh/python-build-standalone/releases/download/20260504/cpython-3.11.15+20260504-x86_64-unknown-linux-gnu-install_only_stripped.tar.gz"
provenance = "github-attestations"

[tools.python."platforms.linux-x64-musl"]
checksum = "sha256:9181f4b550bd7df7295a4557fbec09571db236c2279729ba1e20cbe97beb0f46"
url = "https://github.com/astral-sh/python-build-standalone/releases/download/20260504/cpython-3.11.15+20260504-x86_64-unknown-linux-musl-install_only_stripped.tar.gz"
provenance = "github-attestations"

[tools.python."platforms.linux-x64-musl-baseline"]
checksum = "sha256:9181f4b550bd7df7295a4557fbec09571db236c2279729ba1e20cbe97beb0f46"
url = "https://github.com/astral-sh/python-build-standalone/releases/download/20260504/cpython-3.11.15+20260504-x86_64-unknown-linux-musl-install_only_stripped.tar.gz"
provenance = "github-attestations"

[tools.python."platforms.macos-arm64"]
checksum = "sha256:505975e41e03ecc92ec5c666420481a20e7d4ade2d004b0f0a15fa08343910e3"
url = "https://github.com/astral-sh/python-build-standalone/releases/download/20260504/cpython-3.11.15+20260504-aarch64-apple-darwin-install_only_stripped.tar.gz"
provenance = "github-attestations"

[tools.python."platforms.macos-x64"]
checksum = "sha256:50f1a10a3e18546f86126c63e67627a98bc01cb0f7119de3c1e0eb3441fcbde8"
url = "https://github.com/astral-sh/python-build-standalone/releases/download/20260504/cpython-3.11.15+20260504-x86_64-apple-darwin-install_only_stripped.tar.gz"
provenance = "github-attestations"

[tools.python."platforms.macos-x64-baseline"]
checksum = "sha256:50f1a10a3e18546f86126c63e67627a98bc01cb0f7119de3c1e0eb3441fcbde8"
url = "https://github.com/astral-sh/python-build-standalone/releases/download/20260504/cpython-3.11.15+20260504-x86_64-apple-darwin-install_only_stripped.tar.gz"
provenance = "github-attestations"

[tools.python."platforms.windows-x64"]
checksum = "sha256:3faa1bec91efb6c3d98dd9a1dfae6ec4a40a855a8bb793ac2a2f2b1689816cfe"
url = "https://github.com/astral-sh/python-build-standalone/releases/download/20260504/cpython-3.11.15+20260504-x86_64-pc-windows-msvc-install_only_stripped.tar.gz"
provenance = "github-attestations"

[tools.python."platforms.windows-x64-baseline"]
checksum = "sha256:3faa1bec91efb6c3d98dd9a1dfae6ec4a40a855a8bb793ac2a2f2b1689816cfe"
url = "https://github.com/astral-sh/python-build-standalone/releases/download/20260504/cpython-3.11.15+20260504-x86_64-pc-windows-msvc-install_only_stripped.tar.gz"
provenance = "github-attestations"

[[tools.terraform]]
version = "1.15.2"
backend = "aqua:hashicorp/terraform"

[tools.terraform."platforms.linux-arm64"]
checksum = "sha256:cf27657e96bbdc6116f4c16a0c801d36ae6410d7210183a520ac6b2198fb723e"
url = "https://releases.hashicorp.com/terraform/1.15.2/terraform_1.15.2_linux_arm64.zip"

[tools.terraform."platforms.linux-arm64-musl"]
checksum = "sha256:cf27657e96bbdc6116f4c16a0c801d36ae6410d7210183a520ac6b2198fb723e"
url = "https://releases.hashicorp.com/terraform/1.15.2/terraform_1.15.2_linux_arm64.zip"

[tools.terraform."platforms.linux-x64"]
checksum = "sha256:c56ff2bc7e6ce9b3879a50392b03c2ea074b47688bf503ff966c87fb01b2aab8"
url = "https://releases.hashicorp.com/terraform/1.15.2/terraform_1.15.2_linux_amd64.zip"

[tools.terraform."platforms.linux-x64-baseline"]
checksum = "sha256:c56ff2bc7e6ce9b3879a50392b03c2ea074b47688bf503ff966c87fb01b2aab8"
url = "https://releases.hashicorp.com/terraform/1.15.2/terraform_1.15.2_linux_amd64.zip"

[tools.terraform."platforms.linux-x64-musl"]
checksum = "sha256:c56ff2bc7e6ce9b3879a50392b03c2ea074b47688bf503ff966c87fb01b2aab8"
url = "https://releases.hashicorp.com/terraform/1.15.2/terraform_1.15.2_linux_amd64.zip"

[tools.terraform."platforms.linux-x64-musl-baseline"]
checksum = "sha256:c56ff2bc7e6ce9b3879a50392b03c2ea074b47688bf503ff966c87fb01b2aab8"
url = "https://releases.hashicorp.com/terraform/1.15.2/terraform_1.15.2_linux_amd64.zip"

[tools.terraform."platforms.macos-arm64"]
checksum = "sha256:4204bc3450418a7ce423e58451b053e5daed625ad6c6a15de98bc09345269f99"
url = "https://releases.hashicorp.com/terraform/1.15.2/terraform_1.15.2_darwin_arm64.zip"

[tools.terraform."platforms.macos-x64"]
checksum = "sha256:2bb701bc2db93ed39613df4f4e033ec4c2de9eba1c036d9a2f62cffc988af066"
url = "https://releases.hashicorp.com/terraform/1.15.2/terraform_1.15.2_darwin_amd64.zip"

[tools.terraform."platforms.macos-x64-baseline"]
checksum = "sha256:2bb701bc2db93ed39613df4f4e033ec4c2de9eba1c036d9a2f62cffc988af066"
url = "https://releases.hashicorp.com/terraform/1.15.2/terraform_1.15.2_darwin_amd64.zip"

[tools.terraform."platforms.windows-x64"]
checksum = "sha256:a7e25570dd85f363581e96cac0b468257c45945ca8875d951413b6606c9b86d4"
url = "https://releases.hashicorp.com/terraform/1.15.2/terraform_1.15.2_windows_amd64.zip"

[tools.terraform."platforms.windows-x64-baseline"]
checksum = "sha256:a7e25570dd85f363581e96cac0b468257c45945ca8875d951413b6606c9b86d4"
url = "https://releases.hashicorp.com/terraform/1.15.2/terraform_1.15.2_windows_amd64.zip"

[[tools.uv]]
version = "0.11.13"
backend = "aqua:astral-sh/uv"

[tools.uv."platforms.linux-arm64"]
checksum = "sha256:bea8a97b1b3ed41491e075c1f474e7f0249582aa3f62849c4e874b5f34ddc95e"
url = "https://github.com/astral-sh/uv/releases/download/0.11.13/uv-aarch64-unknown-linux-musl.tar.gz"
provenance = "github-attestations"

[tools.uv."platforms.linux-arm64-musl"]
checksum = "sha256:bea8a97b1b3ed41491e075c1f474e7f0249582aa3f62849c4e874b5f34ddc95e"
url = "https://github.com/astral-sh/uv/releases/download/0.11.13/uv-aarch64-unknown-linux-musl.tar.gz"
provenance = "github-attestations"

[tools.uv."platforms.linux-x64"]
checksum = "sha256:5635afc285df86ce6f05f3f22335f9548b0026e58531904482c9670a1c1c65d9"
url = "https://github.com/astral-sh/uv/releases/download/0.11.13/uv-x86_64-unknown-linux-musl.tar.gz"
provenance = "github-attestations"

[tools.uv."platforms.linux-x64-baseline"]
checksum = "sha256:5635afc285df86ce6f05f3f22335f9548b0026e58531904482c9670a1c1c65d9"
url = "https://github.com/astral-sh/uv/releases/download/0.11.13/uv-x86_64-unknown-linux-musl.tar.gz"
provenance = "github-attestations"

[tools.uv."platforms.linux-x64-musl"]
checksum = "sha256:5635afc285df86ce6f05f3f22335f9548b0026e58531904482c9670a1c1c65d9"
url = "https://github.com/astral-sh/uv/releases/download/0.11.13/uv-x86_64-unknown-linux-musl.tar.gz"
provenance = "github-attestations"

[tools.uv."platforms.linux-x64-musl-baseline"]
checksum = "sha256:5635afc285df86ce6f05f3f22335f9548b0026e58531904482c9670a1c1c65d9"
url = "https://github.com/astral-sh/uv/releases/download/0.11.13/uv-x86_64-unknown-linux-musl.tar.gz"
provenance = "github-attestations"

[tools.uv."platforms.macos-arm64"]
checksum = "sha256:196a58aa24da89144187670df7c407358028984537fbc2f8f2d8f7a2604980df"
url = "https://github.com/astral-sh/uv/releases/download/0.11.13/uv-aarch64-apple-darwin.tar.gz"
provenance = "github-attestations"

[tools.uv."platforms.macos-x64"]
checksum = "sha256:99aad3f4956f5b92efd83eca6d87bf03e10688899487ad541f904c9c25c61dc1"
url = "https://github.com/astral-sh/uv/releases/download/0.11.13/uv-x86_64-apple-darwin.tar.gz"
provenance = "github-attestations"

[tools.uv."platforms.macos-x64-baseline"]
checksum = "sha256:99aad3f4956f5b92efd83eca6d87bf03e10688899487ad541f904c9c25c61dc1"
url = "https://github.com/astral-sh/uv/releases/download/0.11.13/uv-x86_64-apple-darwin.tar.gz"
provenance = "github-attestations"

[tools.uv."platforms.windows-x64"]
checksum = "sha256:0953ac2ef4fbe47ad469bfa80b658a577a02c4d73a2fb9c4c7c70dda432efded"
url = "https://github.com/astral-sh/uv/releases/download/0.11.13/uv-x86_64-pc-windows-msvc.zip"
provenance = "github-attestations"

[tools.uv."platforms.windows-x64-baseline"]
checksum = "sha256:0953ac2ef4fbe47ad469bfa80b658a577a02c4d73a2fb9c4c7c70dda432efded"
url = "https://github.com/astral-sh/uv/releases/download/0.11.13/uv-x86_64-pc-windows-msvc.zip"
provenance = "github-attestations"
